
Microsoft Visual Studio Solution File, Format Version 12.00
# Visual Studio Version 17
VisualStudioVersion = 17.0.32112.339
MinimumVisualStudioVersion = 10.0.40219.1
Project("{2150E333-8FDC-42A3-9474-1A3956D46DE8}") = "src", "src", "{2F36B952-84A0-4A9F-AC9B-42E933F22E48}"
	ProjectSection(SolutionItems) = preProject
		app.config = app.config
	EndProjectSection
EndProject
Project("{2150E333-8FDC-42A3-9474-1A3956D46DE8}") = "API", "API", "{EE7F4A91-13B8-4529-BE21-10D96788D3FA}"
EndProject
Project("{2150E333-8FDC-42A3-9474-1A3956D46DE8}") = "Core", "Core", "{7E9D8F7B-FD53-48BE-BF81-F965648C0BD9}"
EndProject
Project("{2150E333-8FDC-42A3-9474-1A3956D46DE8}") = "Infrastructure", "Infrastructure", "{F710032A-0387-4EAE-A79B-1DE18C10852F}"
EndProject
Project("{2150E333-8FDC-42A3-9474-1A3956D46DE8}") = "UI", "UI", "{2C7EB498-5246-4103-B100-D2F6927F14D2}"
EndProject
Project("{2150E333-8FDC-42A3-9474-1A3956D46DE8}") = "test", "test", "{D33D5482-889D-41F2-B209-E043740E6169}"
EndProject
Project("{9A19103F-16F7-4668-BE54-9A1E7A4F7556}") = "ProjectN.Domain", "ProjectN.Domain\ProjectN.Domain.csproj", "{8303B912-D1C9-4232-8EA1-4DFEB04C8115}"
EndProject
Project("{9A19103F-16F7-4668-BE54-9A1E7A4F7556}") = "ProjectN.Application", "ProjectN.Application\ProjectN.Application.csproj", "{DEAFCC82-4C26-43C4-ABD3-C4236A6296EA}"
EndProject
Project("{9A19103F-16F7-4668-BE54-9A1E7A4F7556}") = "ProjectN.Persistance", "ProjectN.Persistance\ProjectN.Persistance.csproj", "{74D90CD6-BB85-44AA-9D2D-C50B75D9E83C}"
	ProjectSection(ProjectDependencies) = postProject
		{8303B912-D1C9-4232-8EA1-4DFEB04C8115} = {8303B912-D1C9-4232-8EA1-4DFEB04C8115}
		{DEAFCC82-4C26-43C4-ABD3-C4236A6296EA} = {DEAFCC82-4C26-43C4-ABD3-C4236A6296EA}
	EndProjectSection
EndProject
Project("{9A19103F-16F7-4668-BE54-9A1E7A4F7556}") = "ProjectN.Infrastructure", "ProjectN.Infrastructur\ProjectN.Infrastructure.csproj", "{F58C5736-12F1-4B6E-99ED-7A5822CA55C4}"
EndProject
Project("{FAE04EC0-301F-11D3-BF4B-00C04F79EFBC}") = "ProjectN.Api", "ProjectN.Api\ProjectN.Api.csproj", "{6B33AF98-E0ED-4F29-B4ED-237D25713F31}"
EndProject
Project("{2150E333-8FDC-42A3-9474-1A3956D46DE8}") = "github", "github", "{3D197D49-570E-45FC-BC65-4F6D4133C02A}"
EndProject
Project("{2150E333-8FDC-42A3-9474-1A3956D46DE8}") = "workflows", "workflows", "{D6AE5517-4034-4B9F-A4A8-E4077EB88013}"
	ProjectSection(SolutionItems) = preProject
		build-and-deploy.yml = build-and-deploy.yml
	EndProjectSection
EndProject
Global
	GlobalSection(SolutionConfigurationPlatforms) = preSolution
		Debug|Any CPU = Debug|Any CPU
		Release|Any CPU = Release|Any CPU
	EndGlobalSection
	GlobalSection(ProjectConfigurationPlatforms) = postSolution
		{8303B912-D1C9-4232-8EA1-4DFEB04C8115}.Debug|Any CPU.ActiveCfg = Debug|Any CPU
		{8303B912-D1C9-4232-8EA1-4DFEB04C8115}.Debug|Any CPU.Build.0 = Debug|Any CPU
		{8303B912-D1C9-4232-8EA1-4DFEB04C8115}.Release|Any CPU.ActiveCfg = Release|Any CPU
		{8303B912-D1C9-4232-8EA1-4DFEB04C8115}.Release|Any CPU.Build.0 = Release|Any CPU
		{DEAFCC82-4C26-43C4-ABD3-C4236A6296EA}.Debug|Any CPU.ActiveCfg = Debug|Any CPU
		{DEAFCC82-4C26-43C4-ABD3-C4236A6296EA}.Debug|Any CPU.Build.0 = Debug|Any CPU
		{DEAFCC82-4C26-43C4-ABD3-C4236A6296EA}.Release|Any CPU.ActiveCfg = Release|Any CPU
		{DEAFCC82-4C26-43C4-ABD3-C4236A6296EA}.Release|Any CPU.Build.0 = Release|Any CPU
		{74D90CD6-BB85-44AA-9D2D-C50B75D9E83C}.Debug|Any CPU.ActiveCfg = Debug|Any CPU
		{74D90CD6-BB85-44AA-9D2D-C50B75D9E83C}.Debug|Any CPU.Build.0 = Debug|Any CPU
		{74D90CD6-BB85-44AA-9D2D-C50B75D9E83C}.Release|Any CPU.ActiveCfg = Release|Any CPU
		{74D90CD6-BB85-44AA-9D2D-C50B75D9E83C}.Release|Any CPU.Build.0 = Release|Any CPU
		{F58C5736-12F1-4B6E-99ED-7A5822CA55C4}.Debug|Any CPU.ActiveCfg = Debug|Any CPU
		{F58C5736-12F1-4B6E-99ED-7A5822CA55C4}.Debug|Any CPU.Build.0 = Debug|Any CPU
		{F58C5736-12F1-4B6E-99ED-7A5822CA55C4}.Release|Any CPU.ActiveCfg = Release|Any CPU
		{F58C5736-12F1-4B6E-99ED-7A5822CA55C4}.Release|Any CPU.Build.0 = Release|Any CPU
		{6B33AF98-E0ED-4F29-B4ED-237D25713F31}.Debug|Any CPU.ActiveCfg = Debug|Any CPU
		{6B33AF98-E0ED-4F29-B4ED-237D25713F31}.Debug|Any CPU.Build.0 = Debug|Any CPU
		{6B33AF98-E0ED-4F29-B4ED-237D25713F31}.Release|Any CPU.ActiveCfg = Release|Any CPU
		{6B33AF98-E0ED-4F29-B4ED-237D25713F31}.Release|Any CPU.Build.0 = Release|Any CPU
	EndGlobalSection
	GlobalSection(SolutionProperties) = preSolution
		HideSolutionNode = FALSE
	EndGlobalSection
	GlobalSection(NestedProjects) = preSolution
		{EE7F4A91-13B8-4529-BE21-10D96788D3FA} = {2F36B952-84A0-4A9F-AC9B-42E933F22E48}
		{7E9D8F7B-FD53-48BE-BF81-F965648C0BD9} = {2F36B952-84A0-4A9F-AC9B-42E933F22E48}
		{F710032A-0387-4EAE-A79B-1DE18C10852F} = {2F36B952-84A0-4A9F-AC9B-42E933F22E48}
		{2C7EB498-5246-4103-B100-D2F6927F14D2} = {2F36B952-84A0-4A9F-AC9B-42E933F22E48}
		{8303B912-D1C9-4232-8EA1-4DFEB04C8115} = {7E9D8F7B-FD53-48BE-BF81-F965648C0BD9}
		{DEAFCC82-4C26-43C4-ABD3-C4236A6296EA} = {7E9D8F7B-FD53-48BE-BF81-F965648C0BD9}
		{74D90CD6-BB85-44AA-9D2D-C50B75D9E83C} = {F710032A-0387-4EAE-A79B-1DE18C10852F}
		{F58C5736-12F1-4B6E-99ED-7A5822CA55C4} = {F710032A-0387-4EAE-A79B-1DE18C10852F}
		{6B33AF98-E0ED-4F29-B4ED-237D25713F31} = {EE7F4A91-13B8-4529-BE21-10D96788D3FA}
		{3D197D49-570E-45FC-BC65-4F6D4133C02A} = {2F36B952-84A0-4A9F-AC9B-42E933F22E48}
		{D6AE5517-4034-4B9F-A4A8-E4077EB88013} = {3D197D49-570E-45FC-BC65-4F6D4133C02A}
	EndGlobalSection
	GlobalSection(ExtensibilityGlobals) = postSolution
		SolutionGuid = {47BD482F-C1E0-480E-A85B-487C5F319F1D}
	EndGlobalSection
EndGlobal
